
Microsoft Visual Studio Solution File, Format Version 12.00
# Visual Studio 14
VisualStudioVersion = 14.0.23107.0
MinimumVisualStudioVersion = 10.0.40219.1
Project("{FAE04EC0-301F-11D3-BF4B-00C04F79EFBC}") = "PiBike2", "PiBike2\PiBike2.csproj", "{18949413-B190-4078-8800-E9D99B5B667B}"
EndProject
Global
	GlobalSection(SolutionConfigurationPlatforms) = preSolution
		Debug|ARM = Debug|ARM
		Debug|x64 = Debug|x64
		Debug|x86 = Debug|x86
		Release|ARM = Release|ARM
		Release|x64 = Release|x64
		Release|x86 = Release|x86
	EndGlobalSection
	GlobalSection(ProjectConfigurationPlatforms) = postSolution
		{18949413-B190-4078-8800-E9D99B5B667B}.Debug|ARM.ActiveCfg = Debug|ARM
		{18949413-B190-4078-8800-E9D99B5B667B}.Debug|ARM.Build.0 = Debug|ARM
		{18949413-B190-4078-8800-E9D99B5B667B}.Debug|ARM.Deploy.0 = Debug|ARM
		{18949413-B190-4078-8800-E9D99B5B667B}.Debug|x64.ActiveCfg = Debug|x64
		{18949413-B190-4078-8800-E9D99B5B667B}.Debug|x64.Build.0 = Debug|x64
		{18949413-B190-4078-8800-E9D99B5B667B}.Debug|x64.Deploy.0 = Debug|x64
		{18949413-B190-4078-8800-E9D99B5B667B}.Debug|x86.ActiveCfg = Debug|x86
		{18949413-B190-4078-8800-E9D99B5B667B}.Debug|x86.Build.0 = Debug|x86
		{18949413-B190-4078-8800-E9D99B5B667B}.Debug|x86.Deploy.0 = Debug|x86
		{18949413-B190-4078-8800-E9D99B5B667B}.Release|ARM.ActiveCfg = Release|ARM
		{18949413-B190-4078-8800-E9D99B5B667B}.Release|ARM.Build.0 = Release|ARM
		{18949413-B190-4078-8800-E9D99B5B667B}.Release|ARM.Deploy.0 = Release|ARM
		{18949413-B190-4078-8800-E9D99B5B667B}.Release|x64.ActiveCfg = Release|x64
		{18949413-B190-4078-8800-E9D99B5B667B}.Release|x64.Build.0 = Release|x64
		{18949413-B190-4078-8800-E9D99B5B667B}.Release|x64.Deploy.0 = Release|x64
		{18949413-B190-4078-8800-E9D99B5B667B}.Release|x86.ActiveCfg = Release|x86
		{18949413-B190-4078-8800-E9D99B5B667B}.Release|x86.Build.0 = Release|x86
		{18949413-B190-4078-8800-E9D99B5B667B}.Release|x86.Deploy.0 = Release|x86
	EndGlobalSection
	GlobalSection(SolutionProperties) = preSolution
		HideSolutionNode = FALSE
	EndGlobalSection
EndGlobal
